// !$*UTF8*$!
{
	archiveVersion = 1;
	classes = {
	};
	objectVersion = 56;
	objects = {

/* Begin PBXBuildFile section */
		281BEC4E2B9BDDBC00AF568D /* LandmarksApp.swift in Sources */ = {isa = PBXBuildFile; fileRef = 281BEC4D2B9BDDBC00AF568D /* LandmarksApp.swift */; };
		281BEC502B9BDDBC00AF568D /* ContentView.swift in Sources */ = {isa = PBXBuildFile; fileRef = 281BEC4F2B9BDDBC00AF568D /* ContentView.swift */; };
		281BEC522B9BDDBD00AF568D /* Assets.xcassets in Resources */ = {isa = PBXBuildFile; fileRef = 281BEC512B9BDDBD00AF568D /* Assets.xcassets */; };
		281BEC552B9BDDBD00AF568D /* Preview Assets.xcassets in Resources */ = {isa = PBXBuildFile; fileRef = 281BEC542B9BDDBD00AF568D /* Preview Assets.xcassets */; };
		281BEC602B9BDDBD00AF568D /* LandmarksTests.swift in Sources */ = {isa = PBXBuildFile; fileRef = 281BEC5F2B9BDDBD00AF568D /* LandmarksTests.swift */; };
		281BEC6A2B9BDDBD00AF568D /* LandmarksUITests.swift in Sources */ = {isa = PBXBuildFile; fileRef = 281BEC692B9BDDBD00AF568D /* LandmarksUITests.swift */; };
		281BEC6C2B9BDDBD00AF568D /* LandmarksUITestsLaunchTests.swift in Sources */ = {isa = PBXBuildFile; fileRef = 281BEC6B2B9BDDBD00AF568D /* LandmarksUITestsLaunchTests.swift */; };
/* End PBXBuildFile section */

/* Begin PBXContainerItemProxy section */
		281BEC5C2B9BDDBD00AF568D /* PBXContainerItemProxy */ = {
			isa = PBXContainerItemProxy;
			containerPortal = 281BEC422B9BDDBC00AF568D /* Project object */;
			proxyType = 1;
			remoteGlobalIDString = 281BEC492B9BDDBC00AF568D;
			remoteInfo = Landmarks;
		};
		281BEC662B9BDDBD00AF568D /* PBXContainerItemProxy */ = {
			isa = PBXContainerItemProxy;
			containerPortal = 281BEC422B9BDDBC00AF568D /* Project object */;
			proxyType = 1;
			remoteGlobalIDString = 281BEC492B9BDDBC00AF568D;
			remoteInfo = Landmarks;
		};
/* End PBXContainerItemProxy section */

/* Begin PBXFileReference section */
		281BEC4A2B9BDDBC00AF568D /* Landmarks.app */ = {isa = PBXFileReference; explicitFileType = wrapper.application; includeInIndex = 0; path = Landmarks.app; sourceTree = BUILT_PRODUCTS_DIR; };
		281BEC4D2B9BDDBC00AF568D /* LandmarksApp.swift */ = {isa = PBXFileReference; lastKnownFileType = sourcecode.swift; path = LandmarksApp.swift; sourceTree = "<group>"; };
		281BEC4F2B9BDDBC00AF568D /* ContentView.swift */ = {isa = PBXFileReference; lastKnownFileType = sourcecode.swift; path = ContentView.swift; sourceTree = "<group>"; };
		281BEC512B9BDDBD00AF568D /* Assets.xcassets */ = {isa = PBXFileReference; lastKnownFileType = folder.assetcatalog; path = Assets.xcassets; sourceTree = "<group>"; };
		281BEC542B9BDDBD00AF568D /* Preview Assets.xcassets */ = {isa = PBXFileReference; lastKnownFileType = folder.assetcatalog; path = "Preview Assets.xcassets"; sourceTree = "<group>"; };
		281BEC562B9BDDBD00AF568D /* Landmarks.entitlements */ = {isa = PBXFileReference; lastKnownFileType = text.plist.entitlements; path = Landmarks.entitlements; sourceTree = "<group>"; };
		281BEC5B2B9BDDBD00AF568D /* LandmarksTests.xctest */ = {isa = PBXFileReference; explicitFileType = wrapper.cfbundle; includeInIndex = 0; path = LandmarksTests.xctest; sourceTree = BUILT_PRODUCTS_DIR; };
		281BEC5F2B9BDDBD00AF568D /* LandmarksTests.swift */ = {isa = PBXFileReference; lastKnownFileType = sourcecode.swift; path = LandmarksTests.swift; sourceTree = "<group>"; };
		281BEC652B9BDDBD00AF568D /* LandmarksUITests.xctest */ = {isa = PBXFileReference; explicitFileType = wrapper.cfbundle; includeInIndex = 0; path = LandmarksUITests.xctest; sourceTree = BUILT_PRODUCTS_DIR; };
		281BEC692B9BDDBD00AF568D /* LandmarksUITests.swift */ = {isa = PBXFileReference; lastKnownFileType = sourcecode.swift; path = LandmarksUITests.swift; sourceTree = "<group>"; };
		281BEC6B2B9BDDBD00AF568D /* LandmarksUITestsLaunchTests.swift */ = {isa = PBXFileReference; lastKnownFileType = sourcecode.swift; path = LandmarksUITestsLaunchTests.swift; sourceTree = "<group>"; };
/* End PBXFileReference section */

/* Begin PBXFrameworksBuildPhase section */
		281BEC472B9BDDBC00AF568D /* Frameworks */ = {
			isa = PBXFrameworksBuildPhase;
			buildActionMask = 2147483647;
			files = (
			);
			runOnlyForDeploymentPostprocessing = 0;
		};
		281BEC582B9BDDBD00AF568D /* Frameworks */ = {
			isa = PBXFrameworksBuildPhase;
			buildActionMask = 2147483647;
			files = (
			);
			runOnlyForDeploymentPostprocessing = 0;
		};
		281BEC622B9BDDBD00AF568D /* Frameworks */ = {
			isa = PBXFrameworksBuildPhase;
			buildActionMask = 2147483647;
			files = (
			);
			runOnlyForDeploymentPostprocessing = 0;
		};
/* End PBXFrameworksBuildPhase section */

/* Begin PBXGroup section */
		281BEC412B9BDDBC00AF568D = {
			isa = PBXGroup;
			children = (
				281BEC4C2B9BDDBC00AF568D /* Landmarks */,
				281BEC5E2B9BDDBD00AF568D /* LandmarksTests */,
				281BEC682B9BDDBD00AF568D /* LandmarksUITests */,
				281BEC4B2B9BDDBC00AF568D /* Products */,
			);
			sourceTree = "<group>";
		};
		281BEC4B2B9BDDBC00AF568D /* Products */ = {
			isa = PBXGroup;
			children = (
				281BEC4A2B9BDDBC00AF568D /* Landmarks.app */,
				281BEC5B2B9BDDBD00AF568D /* LandmarksTests.xctest */,
				281BEC652B9BDDBD00AF568D /* LandmarksUITests.xctest */,
			);
			name = Products;
			sourceTree = "<group>";
		};
		281BEC4C2B9BDDBC00AF568D /* Landmarks */ = {
			isa = PBXGroup;
			children = (
				281BEC4D2B9BDDBC00AF568D /* LandmarksApp.swift */,
				281BEC4F2B9BDDBC00AF568D /* ContentView.swift */,
				281BEC512B9BDDBD00AF568D /* Assets.xcassets */,
				281BEC562B9BDDBD00AF568D /* Landmarks.entitlements */,
				281BEC532B9BDDBD00AF568D /* Preview Content */,
			);
			path = Landmarks;
			sourceTree = "<group>";
		};
		281BEC532B9BDDBD00AF568D /* Preview Content */ = {
			isa = PBXGroup;
			children = (
				281BEC542B9BDDBD00AF568D /* Preview Assets.xcassets */,
			);
			path = "Preview Content";
			sourceTree = "<group>";
		};
		281BEC5E2B9BDDBD00AF568D /* LandmarksTests */ = {
			isa = PBXGroup;
			children = (
				281BEC5F2B9BDDBD00AF568D /* LandmarksTests.swift */,
			);
			path = LandmarksTests;
			sourceTree = "<group>";
		};
		281BEC682B9BDDBD00AF568D /* LandmarksUITests */ = {
			isa = PBXGroup;
			children = (
				281BEC692B9BDDBD00AF568D /* LandmarksUITests.swift */,
				281BEC6B2B9BDDBD00AF568D /* LandmarksUITestsLaunchTests.swift */,
			);
			path = LandmarksUITests;
			sourceTree = "<group>";
		};
/* End PBXGroup section */

/* Begin PBXNativeTarget section */
		281BEC492B9BDDBC00AF568D /* Landmarks */ = {
			isa = PBXNativeTarget;
			buildConfigurationList = 281BEC6F2B9BDDBD00AF568D /* Build configuration list for PBXNativeTarget "Landmarks" */;
			buildPhases = (
				281BEC462B9BDDBC00AF568D /* Sources */,
				281BEC472B9BDDBC00AF568D /* Frameworks */,
				281BEC482B9BDDBC00AF568D /* Resources */,
			);
			buildRules = (
			);
			dependencies = (
			);
			name = Landmarks;
			productName = Landmarks;
			productReference = 281BEC4A2B9BDDBC00AF568D /* Landmarks.app */;
			productType = "com.apple.product-type.application";
		};
		281BEC5A2B9BDDBD00AF568D /* LandmarksTests */ = {
			isa = PBXNativeTarget;
			buildConfigurationList = 281BEC722B9BDDBD00AF568D /* Build configuration list for PBXNativeTarget "LandmarksTests" */;
			buildPhases = (
				281BEC572B9BDDBD00AF568D /* Sources */,
				281BEC582B9BDDBD00AF568D /* Frameworks */,
				281BEC592B9BDDBD00AF568D /* Resources */,
			);
			buildRules = (
			);
			dependencies = (
				281BEC5D2B9BDDBD00AF568D /* PBXTargetDependency */,
			);
			name = LandmarksTests;
			productName = LandmarksTests;
			productReference = 281BEC5B2B9BDDBD00AF568D /* LandmarksTests.xctest */;
			productType = "com.apple.product-type.bundle.unit-test";
		};
		281BEC642B9BDDBD00AF568D /* LandmarksUITests */ = {
			isa = PBXNativeTarget;
			buildConfigurationList = 281BEC752B9BDDBD00AF568D /* Build configuration list for PBXNativeTarget "LandmarksUITests" */;
			buildPhases = (
				281BEC612B9BDDBD00AF568D /* Sources */,
				281BEC622B9BDDBD00AF568D /* Frameworks */,
				281BEC632B9BDDBD00AF568D /* Resources */,
			);
			buildRules = (
			);
			dependencies = (
				281BEC672B9BDDBD00AF568D /* PBXTargetDependency */,
			);
			name = LandmarksUITests;
			productName = LandmarksUITests;
			productReference = 281BEC652B9BDDBD00AF568D /* LandmarksUITests.xctest */;
			productType = "com.apple.product-type.bundle.ui-testing";
		};
/* End PBXNativeTarget section */

/* Begin PBXProject section */
		281BEC422B9BDDBC00AF568D /* Project object */ = {
			isa = PBXProject;
			attributes = {
				BuildIndependentTargetsInParallel = 1;
				LastSwiftUpdateCheck = 1400;
				LastUpgradeCheck = 1400;
				TargetAttributes = {
					281BEC492B9BDDBC00AF568D = {
						CreatedOnToolsVersion = 14.0.1;
					};
					281BEC5A2B9BDDBD00AF568D = {
						CreatedOnToolsVersion = 14.0.1;
						TestTargetID = 281BEC492B9BDDBC00AF568D;
					};
					281BEC642B9BDDBD00AF568D = {
						CreatedOnToolsVersion = 14.0.1;
						TestTargetID = 281BEC492B9BDDBC00AF568D;
					};
				};
			};
			buildConfigurationList = 281BEC452B9BDDBC00AF568D /* Build configuration list for PBXProject "Landmarks" */;
			compatibilityVersion = "Xcode 14.0";
			developmentRegion = en;
			hasScannedForEncodings = 0;
			knownRegions = (
				en,
				Base,
			);
			mainGroup = 281BEC412B9BDDBC00AF568D;
			productRefGroup = 281BEC4B2B9BDDBC00AF568D /* Products */;
			projectDirPath = "";
			projectRoot = "";
			targets = (
				281BEC492B9BDDBC00AF568D /* Landmarks */,
				281BEC5A2B9BDDBD00AF568D /* LandmarksTests */,
				281BEC642B9BDDBD00AF568D /* LandmarksUITests */,
			);
		};
/* End PBXProject section */

/* Begin PBXResourcesBuildPhase section */
		281BEC482B9BDDBC00AF568D /* Resources */ = {
			isa = PBXResourcesBuildPhase;
			buildActionMask = 2147483647;
			files = (
				281BEC552B9BDDBD00AF568D /* Preview Assets.xcassets in Resources */,
				281BEC522B9BDDBD00AF568D /* Assets.xcassets in Resources */,
			);
			runOnlyForDeploymentPostprocessing = 0;
		};
		281BEC592B9BDDBD00AF568D /* Resources */ = {
			isa = PBXResourcesBuildPhase;
			buildActionMask = 2147483647;
			files = (
			);
			runOnlyForDeploymentPostprocessing = 0;
		};
		281BEC632B9BDDBD00AF568D /* Resources */ = {
			isa = PBXResourcesBuildPhase;
			buildActionMask = 2147483647;
			files = (
			);
			runOnlyForDeploymentPostprocessing = 0;
		};
/* End PBXResourcesBuildPhase section */

/* Begin PBXSourcesBuildPhase section */
		281BEC462B9BDDBC00AF568D /* Sources */ = {
			isa = PBXSourcesBuildPhase;
			buildActionMask = 2147483647;
			files = (
				281BEC502B9BDDBC00AF568D /* ContentView.swift in Sources */,
				281BEC4E2B9BDDBC00AF568D /* LandmarksApp.swift in Sources */,
			);
			runOnlyForDeploymentPostprocessing = 0;
		};
		281BEC572B9BDDBD00AF568D /* Sources */ = {
			isa = PBXSourcesBuildPhase;
			buildActionMask = 2147483647;
			files = (
				281BEC602B9BDDBD00AF568D /* LandmarksTests.swift in Sources */,
			);
			runOnlyForDeploymentPostprocessing = 0;
		};
		281BEC612B9BDDBD00AF568D /* Sources */ = {
			isa = PBXSourcesBuildPhase;
			buildActionMask = 2147483647;
			files = (
				281BEC6C2B9BDDBD00AF568D /* LandmarksUITestsLaunchTests.swift in Sources */,
				281BEC6A2B9BDDBD00AF568D /* LandmarksUITests.swift in Sources */,
			);
			runOnlyForDeploymentPostprocessing = 0;
		};
/* End PBXSourcesBuildPhase section */

/* Begin PBXTargetDependency section */
		281BEC5D2B9BDDBD00AF568D /* PBXTargetDependency */ = {
			isa = PBXTargetDependency;
			target = 281BEC492B9BDDBC00AF568D /* Landmarks */;
			targetProxy = 281BEC5C2B9BDDBD00AF568D /* PBXContainerItemProxy */;
		};
		281BEC672B9BDDBD00AF568D /* PBXTargetDependency */ = {
			isa = PBXTargetDependency;
			target = 281BEC492B9BDDBC00AF568D /* Landmarks */;
			targetProxy = 281BEC662B9BDDBD00AF568D /* PBXContainerItemProxy */;
		};
/* End PBXTargetDependency section */

/* Begin XCBuildConfiguration section */
		281BEC6D2B9BDDBD00AF568D /* Debug */ = {
			isa = XCBuildConfiguration;
			buildSettings = {
				ALWAYS_SEARCH_USER_PATHS = NO;
				CLANG_ANALYZER_NONNULL = YES;
				CLANG_ANALYZER_NUMBER_OBJECT_CONVERSION = YES_AGGRESSIVE;
				CLANG_CXX_LANGUAGE_STANDARD = "gnu++20";
				CLANG_ENABLE_MODULES = YES;
				CLANG_ENABLE_OBJC_ARC = YES;
				CLANG_ENABLE_OBJC_WEAK = YES;
				CLANG_WARN_BLOCK_CAPTURE_AUTORELEASING = YES;
				CLANG_WARN_BOOL_CONVERSION = YES;
				CLANG_WARN_COMMA = YES;
				CLANG_WARN_CONSTANT_CONVERSION = YES;
				CLANG_WARN_DEPRECATED_OBJC_IMPLEMENTATIONS = YES;
				CLANG_WARN_DIRECT_OBJC_ISA_USAGE = YES_ERROR;
				CLANG_WARN_DOCUMENTATION_COMMENTS = YES;
				CLANG_WARN_EMPTY_BODY = YES;
				CLANG_WARN_ENUM_CONVERSION = YES;
				CLANG_WARN_INFINITE_RECURSION = YES;
				CLANG_WARN_INT_CONVERSION = YES;
				CLANG_WARN_NON_LITERAL_NULL_CONVERSION = YES;
				CLANG_WARN_OBJC_IMPLICIT_RETAIN_SELF = YES;
				CLANG_WARN_OBJC_LITERAL_CONVERSION = YES;
				CLANG_WARN_OBJC_ROOT_CLASS = YES_ERROR;
				CLANG_WARN_QUOTED_INCLUDE_IN_FRAMEWORK_HEADER = YES;
				CLANG_WARN_RANGE_LOOP_ANALYSIS = YES;
				CLANG_WARN_STRICT_PROTOTYPES = YES;
				CLANG_WARN_SUSPICIOUS_MOVE = YES;
				CLANG_WARN_UNGUARDED_AVAILABILITY = YES_AGGRESSIVE;
				CLANG_WARN_UNREACHABLE_CODE = YES;
				CLANG_WARN__DUPLICATE_METHOD_MATCH = YES;
				COPY_PHASE_STRIP = NO;
				DEBUG_INFORMATION_FORMAT = dwarf;
				ENABLE_STRICT_OBJC_MSGSEND = YES;
				ENABLE_TESTABILITY = YES;
				GCC_C_LANGUAGE_STANDARD = gnu11;
				GCC_DYNAMIC_NO_PIC = NO;
				GCC_NO_COMMON_BLOCKS = YES;
				GCC_OPTIMIZATION_LEVEL = 0;
				GCC_PREPROCESSOR_DEFINITIONS = (
					"DEBUG=1",
					"$(inherited)",
				);
				GCC_WARN_64_TO_32_BIT_CONVERSION = YES;
				GCC_WARN_ABOUT_RETURN_TYPE = YES_ERROR;
				GCC_WARN_UNDECLARED_SELECTOR = YES;
				GCC_WARN_UNINITIALIZED_AUTOS = YES_AGGRESSIVE;
				GCC_WARN_UNUSED_FUNCTION = YES;
				GCC_WARN_UNUSED_VARIABLE = YES;
				MACOSX_DEPLOYMENT_TARGET = 12.3;
				MTL_ENABLE_DEBUG_INFO = INCLUDE_SOURCE;
				MTL_FAST_MATH = YES;
				ONLY_ACTIVE_ARCH = YES;
				SDKROOT = macosx;
				SWIFT_ACTIVE_COMPILATION_CONDITIONS = DEBUG;
				SWIFT_OPTIMIZATION_LEVEL = "-Onone";
			};
			name = Debug;
		};
		281BEC6E2B9BDDBD00AF568D /* Release */ = {
			isa = XCBuildConfiguration;
			buildSettings = {
				ALWAYS_SEARCH_USER_PATHS = NO;
				CLANG_ANALYZER_NONNULL = YES;
				CLANG_ANALYZER_NUMBER_OBJECT_CONVERSION = YES_AGGRESSIVE;
				CLANG_CXX_LANGUAGE_STANDARD = "gnu++20";
				CLANG_ENABLE_MODULES = YES;
				CLANG_ENABLE_OBJC_ARC = YES;
				CLANG_ENABLE_OBJC_WEAK = YES;
				CLANG_WARN_BLOCK_CAPTURE_AUTORELEASING = YES;
				CLANG_WARN_BOOL_CONVERSION = YES;
				CLANG_WARN_COMMA = YES;
				CLANG_WARN_CONSTANT_CONVERSION = YES;
				CLANG_WARN_DEPRECATED_OBJC_IMPLEMENTATIONS = YES;
				CLANG_WARN_DIRECT_OBJC_ISA_USAGE = YES_ERROR;
				CLANG_WARN_DOCUMENTATION_COMMENTS = YES;
				CLANG_WARN_EMPTY_BODY = YES;
				CLANG_WARN_ENUM_CONVERSION = YES;
				CLANG_WARN_INFINITE_RECURSION = YES;
				CLANG_WARN_INT_CONVERSION = YES;
				CLANG_WARN_NON_LITERAL_NULL_CONVERSION = YES;
				CLANG_WARN_OBJC_IMPLICIT_RETAIN_SELF = YES;
				CLANG_WARN_OBJC_LITERAL_CONVERSION = YES;
				CLANG_WARN_OBJC_ROOT_CLASS = YES_ERROR;
				CLANG_WARN_QUOTED_INCLUDE_IN_FRAMEWORK_HEADER = YES;
				CLANG_WARN_RANGE_LOOP_ANALYSIS = YES;
				CLANG_WARN_STRICT_PROTOTYPES = YES;
				CLANG_WARN_SUSPICIOUS_MOVE = YES;
				CLANG_WARN_UNGUARDED_AVAILABILITY = YES_AGGRESSIVE;
				CLANG_WARN_UNREACHABLE_CODE = YES;
				CLANG_WARN__DUPLICATE_METHOD_MATCH = YES;
				COPY_PHASE_STRIP = NO;
				DEBUG_INFORMATION_FORMAT = "dwarf-with-dsym";
				ENABLE_NS_ASSERTIONS = NO;
				ENABLE_STRICT_OBJC_MSGSEND = YES;
				GCC_C_LANGUAGE_STANDARD = gnu11;
				GCC_NO_COMMON_BLOCKS = YES;
				GCC_WARN_64_TO_32_BIT_CONVERSION = YES;
				GCC_WARN_ABOUT_RETURN_TYPE = YES_ERROR;
				GCC_WARN_UNDECLARED_SELECTOR = YES;
				GCC_WARN_UNINITIALIZED_AUTOS = YES_AGGRESSIVE;
				GCC_WARN_UNUSED_FUNCTION = YES;
				GCC_WARN_UNUSED_VARIABLE = YES;
				MACOSX_DEPLOYMENT_TARGET = 12.3;
				MTL_ENABLE_DEBUG_INFO = NO;
				MTL_FAST_MATH = YES;
				SDKROOT = macosx;
				SWIFT_COMPILATION_MODE = wholemodule;
				SWIFT_OPTIMIZATION_LEVEL = "-O";
			};
			name = Release;
		};
		281BEC702B9BDDBD00AF568D /* Debug */ = {
			isa = XCBuildConfiguration;
			buildSettings = {
				ASSETCATALOG_COMPILER_APPICON_NAME = AppIcon;
				ASSETCATALOG_COMPILER_GLOBAL_ACCENT_COLOR_NAME = AccentColor;
				CODE_SIGN_ENTITLEMENTS = Landmarks/Landmarks.entitlements;
				CODE_SIGN_STYLE = Automatic;
				COMBINE_HIDPI_IMAGES = YES;
				CURRENT_PROJECT_VERSION = 1;
				DEVELOPMENT_ASSET_PATHS = "\"Landmarks/Preview Content\"";
				DEVELOPMENT_TEAM = Q5GY55X8NG;
				ENABLE_HARDENED_RUNTIME = YES;
				ENABLE_PREVIEWS = YES;
				GENERATE_INFOPLIST_FILE = YES;
				INFOPLIST_KEY_NSHumanReadableCopyright = "";
				LD_RUNPATH_SEARCH_PATHS = (
					"$(inherited)",
					"@executable_path/../Frameworks",
				);
				MARKETING_VERSION = 1.0;
				PRODUCT_BUNDLE_IDENTIFIER = com.daegeon.Landmarks;
				PRODUCT_NAME = "$(TARGET_NAME)";
				SWIFT_EMIT_LOC_STRINGS = YES;
				SWIFT_VERSION = 5.0;
			};
			name = Debug;
		};
		281BEC712B9BDDBD00AF568D /* Release */ = {
			isa = XCBuildConfiguration;
			buildSettings = {
				ASSETCATALOG_COMPILER_APPICON_NAME = AppIcon;
				ASSETCATALOG_COMPILER_GLOBAL_ACCENT_COLOR_NAME = AccentColor;
				CODE_SIGN_ENTITLEMENTS = Landmarks/Landmarks.entitlements;
				CODE_SIGN_STYLE = Automatic;
				COMBINE_HIDPI_IMAGES = YES;
				CURRENT_PROJECT_VERSION = 1;
				DEVELOPMENT_ASSET_PATHS = "\"Landmarks/Preview Content\"";
				DEVELOPMENT_TEAM = Q5GY55X8NG;
				ENABLE_HARDENED_RUNTIME = YES;
				ENABLE_PREVIEWS = YES;
				GENERATE_INFOPLIST_FILE = YES;
				INFOPLIST_KEY_NSHumanReadableCopyright = "";
				LD_RUNPATH_SEARCH_PATHS = (
					"$(inherited)",
					"@executable_path/../Frameworks",
				);
				MARKETING_VERSION = 1.0;
				PRODUCT_BUNDLE_IDENTIFIER = com.daegeon.Landmarks;
				PRODUCT_NAME = "$(TARGET_NAME)";
				SWIFT_EMIT_LOC_STRINGS = YES;
				SWIFT_VERSION = 5.0;
			};
			name = Release;
		};
		281BEC732B9BDDBD00AF568D /* Debug */ = {
			isa = XCBuildConfiguration;
			buildSettings = {
				ALWAYS_EMBED_SWIFT_STANDARD_LIBRARIES = YES;
				BUNDLE_LOADER = "$(TEST_HOST)";
				CODE_SIGN_STYLE = Automatic;
				CURRENT_PROJECT_VERSION = 1;
				DEVELOPMENT_TEAM = Q5GY55X8NG;
				GENERATE_INFOPLIST_FILE = YES;
				MACOSX_DEPLOYMENT_TARGET = 12.3;
				MARKETING_VERSION = 1.0;
				PRODUCT_BUNDLE_IDENTIFIER = com.daegeon.LandmarksTests;
				PRODUCT_NAME = "$(TARGET_NAME)";
				SWIFT_EMIT_LOC_STRINGS = NO;
				SWIFT_VERSION = 5.0;
				TEST_HOST = "$(BUILT_PRODUCTS_DIR)/Landmarks.app/$(BUNDLE_EXECUTABLE_FOLDER_PATH)/Landmarks";
			};
			name = Debug;
		};
		281BEC742B9BDDBD00AF568D /* Release */ = {
			isa = XCBuildConfiguration;
			buildSettings = {
				ALWAYS_EMBED_SWIFT_STANDARD_LIBRARIES = YES;
				BUNDLE_LOADER = "$(TEST_HOST)";
				CODE_SIGN_STYLE = Automatic;
				CURRENT_PROJECT_VERSION = 1;
				DEVELOPMENT_TEAM = Q5GY55X8NG;
				GENERATE_INFOPLIST_FILE = YES;
				MACOSX_DEPLOYMENT_TARGET = 12.3;
				MARKETING_VERSION = 1.0;
				PRODUCT_BUNDLE_IDENTIFIER = com.daegeon.LandmarksTests;
				PRODUCT_NAME = "$(TARGET_NAME)";
				SWIFT_EMIT_LOC_STRINGS = NO;
				SWIFT_VERSION = 5.0;
				TEST_HOST = "$(BUILT_PRODUCTS_DIR)/Landmarks.app/$(BUNDLE_EXECUTABLE_FOLDER_PATH)/Landmarks";
			};
			name = Release;
		};
		281BEC762B9BDDBD00AF568D /* Debug */ = {
			isa = XCBuildConfiguration;
			buildSettings = {
				ALWAYS_EMBED_SWIFT_STANDARD_LIBRARIES = YES;
				CODE_SIGN_STYLE = Automatic;
				CURRENT_PROJECT_VERSION = 1;
				DEVELOPMENT_TEAM = Q5GY55X8NG;
				GENERATE_INFOPLIST_FILE = YES;
				MARKETING_VERSION = 1.0;
				PRODUCT_BUNDLE_IDENTIFIER = com.daegeon.LandmarksUITests;
				PRODUCT_NAME = "$(TARGET_NAME)";
				SWIFT_EMIT_LOC_STRINGS = NO;
				SWIFT_VERSION = 5.0;
				TEST_TARGET_NAME = Landmarks;
			};
			name = Debug;
		};
		281BEC772B9BDDBD00AF568D /* Release */ = {
			isa = XCBuildConfiguration;
			buildSettings = {
				ALWAYS_EMBED_SWIFT_STANDARD_LIBRARIES = YES;
				CODE_SIGN_STYLE = Automatic;
				CURRENT_PROJECT_VERSION = 1;
				DEVELOPMENT_TEAM = Q5GY55X8NG;
				GENERATE_INFOPLIST_FILE = YES;
				MARKETING_VERSION = 1.0;
				PRODUCT_BUNDLE_IDENTIFIER = com.daegeon.LandmarksUITests;
				PRODUCT_NAME = "$(TARGET_NAME)";
				SWIFT_EMIT_LOC_STRINGS = NO;
				SWIFT_VERSION = 5.0;
				TEST_TARGET_NAME = Landmarks;
			};
			name = Release;
		};
/* End XCBuildConfiguration section */

/* Begin XCConfigurationList section */
		281BEC452B9BDDBC00AF568D /* Build configuration list for PBXProject "Landmarks" */ = {
			isa = XCConfigurationList;
			buildConfigurations = (
				281BEC6D2B9BDDBD00AF568D /* Debug */,
				281BEC6E2B9BDDBD00AF568D /* Release */,
			);
			defaultConfigurationIsVisible = 0;
			defaultConfigurationName = Release;
		};
		281BEC6F2B9BDDBD00AF568D /* Build configuration list for PBXNativeTarget "Landmarks" */ = {
			isa = XCConfigurationList;
			buildConfigurations = (
				281BEC702B9BDDBD00AF568D /* Debug */,
				281BEC712B9BDDBD00AF568D /* Release */,
			);
			defaultConfigurationIsVisible = 0;
			defaultConfigurationName = Release;
		};
		281BEC722B9BDDBD00AF568D /* Build configuration list for PBXNativeTarget "LandmarksTests" */ = {
			isa = XCConfigurationList;
			buildConfigurations = (
				281BEC732B9BDDBD00AF568D /* Debug */,
				281BEC742B9BDDBD00AF568D /* Release */,
			);
			defaultConfigurationIsVisible = 0;
			defaultConfigurationName = Release;
		};
		281BEC752B9BDDBD00AF568D /* Build configuration list for PBXNativeTarget "LandmarksUITests" */ = {
			isa = XCConfigurationList;
			buildConfigurations = (
				281BEC762B9BDDBD00AF568D /* Debug */,
				281BEC772B9BDDBD00AF568D /* Release */,
			);
			defaultConfigurationIsVisible = 0;
			defaultConfigurationName = Release;
		};
/* End XCConfigurationList section */
	};
	rootObject = 281BEC422B9BDDBC00AF568D /* Project object */;
}
